// !$*UTF8*$!
{
	archiveVersion = 1;
	classes = {
	};
	objectVersion = 48;
	objects = {

/* Begin PBXBuildFile section */
		2C45F1BE1FE813CB0072F7EC /* AppDelegate.swift in Sources */ = {isa = PBXBuildFile; fileRef = 2C45F1BD1FE813CB0072F7EC /* AppDelegate.swift */; };
		2C45F1C01FE813CB0072F7EC /* ViewController.swift in Sources */ = {isa = PBXBuildFile; fileRef = 2C45F1BF1FE813CB0072F7EC /* ViewController.swift */; };
		2C45F1C31FE813CB0072F7EC /* Main.storyboard in Resources */ = {isa = PBXBuildFile; fileRef = 2C45F1C11FE813CB0072F7EC /* Main.storyboard */; };
		2C45F1C81FE813CC0072F7EC /* Assets.xcassets in Resources */ = {isa = PBXBuildFile; fileRef = 2C45F1C71FE813CB0072F7EC /* Assets.xcassets */; };
		2C45F1CB1FE813CC0072F7EC /* LaunchScreen.storyboard in Resources */ = {isa = PBXBuildFile; fileRef = 2C45F1C91FE813CC0072F7EC /* LaunchScreen.storyboard */; };
		2C45F1D61FE813CC0072F7EC /* VideoMakerTests.swift in Sources */ = {isa = PBXBuildFile; fileRef = 2C45F1D51FE813CC0072F7EC /* VideoMakerTests.swift */; };
		2C45F1E11FE813CC0072F7EC /* VideoMakerUITests.swift in Sources */ = {isa = PBXBuildFile; fileRef = 2C45F1E01FE813CC0072F7EC /* VideoMakerUITests.swift */; };
		2C45F1EF1FE81F0A0072F7EC /* TableViewCell.swift in Sources */ = {isa = PBXBuildFile; fileRef = 2C45F1EE1FE81F0A0072F7EC /* TableViewCell.swift */; };
		7C22069E1FE946E90015879C /* VideoManager.swift in Sources */ = {isa = PBXBuildFile; fileRef = 7C22069D1FE946E90015879C /* VideoManager.swift */; };
		7C2206A01FE948900015879C /* Default-568h@2x.png in Resources */ = {isa = PBXBuildFile; fileRef = 7C22069F1FE948900015879C /* Default-568h@2x.png */; };
/* End PBXBuildFile section */

/* Begin PBXContainerItemProxy section */
		2C45F1D21FE813CC0072F7EC /* PBXContainerItemProxy */ = {
			isa = PBXContainerItemProxy;
			containerPortal = 2C45F1B21FE813CB0072F7EC /* Project object */;
			proxyType = 1;
			remoteGlobalIDString = 2C45F1B91FE813CB0072F7EC;
			remoteInfo = VideoMaker;
		};
		2C45F1DD1FE813CC0072F7EC /* PBXContainerItemProxy */ = {
			isa = PBXContainerItemProxy;
			containerPortal = 2C45F1B21FE813CB0072F7EC /* Project object */;
			proxyType = 1;
			remoteGlobalIDString = 2C45F1B91FE813CB0072F7EC;
			remoteInfo = VideoMaker;
		};
/* End PBXContainerItemProxy section */

/* Begin PBXFileReference section */
		2C45F1BA1FE813CB0072F7EC /* VideoMaker.app */ = {isa = PBXFileReference; explicitFileType = wrapper.application; includeInIndex = 0; path = VideoMaker.app; sourceTree = BUILT_PRODUCTS_DIR; };
		2C45F1BD1FE813CB0072F7EC /* AppDelegate.swift */ = {isa = PBXFileReference; lastKnownFileType = sourcecode.swift; path = AppDelegate.swift; sourceTree = "<group>"; };
		2C45F1BF1FE813CB0072F7EC /* ViewController.swift */ = {isa = PBXFileReference; lastKnownFileType = sourcecode.swift; path = ViewController.swift; sourceTree = "<group>"; };
		2C45F1C21FE813CB0072F7EC /* Base */ = {isa = PBXFileReference; lastKnownFileType = file.storyboard; name = Base; path = Base.lproj/Main.storyboard; sourceTree = "<group>"; };
		2C45F1C71FE813CB0072F7EC /* Assets.xcassets */ = {isa = PBXFileReference; lastKnownFileType = folder.assetcatalog; path = Assets.xcassets; sourceTree = "<group>"; };
		2C45F1CA1FE813CC0072F7EC /* Base */ = {isa = PBXFileReference; lastKnownFileType = file.storyboard; name = Base; path = Base.lproj/LaunchScreen.storyboard; sourceTree = "<group>"; };
		2C45F1CC1FE813CC0072F7EC /* Info.plist */ = {isa = PBXFileReference; lastKnownFileType = text.plist.xml; path = Info.plist; sourceTree = "<group>"; };
		2C45F1D11FE813CC0072F7EC /* VideoMakerTests.xctest */ = {isa = PBXFileReference; explicitFileType = wrapper.cfbundle; includeInIndex = 0; path = VideoMakerTests.xctest; sourceTree = BUILT_PRODUCTS_DIR; };
		2C45F1D51FE813CC0072F7EC /* VideoMakerTests.swift */ = {isa = PBXFileReference; lastKnownFileType = sourcecode.swift; path = VideoMakerTests.swift; sourceTree = "<group>"; };
		2C45F1D71FE813CC0072F7EC /* Info.plist */ = {isa = PBXFileReference; lastKnownFileType = text.plist.xml; path = Info.plist; sourceTree = "<group>"; };
		2C45F1DC1FE813CC0072F7EC /* VideoMakerUITests.xctest */ = {isa = PBXFileReference; explicitFileType = wrapper.cfbundle; includeInIndex = 0; path = VideoMakerUITests.xctest; sourceTree = BUILT_PRODUCTS_DIR; };
		2C45F1E01FE813CC0072F7EC /* VideoMakerUITests.swift */ = {isa = PBXFileReference; lastKnownFileType = sourcecode.swift; path = VideoMakerUITests.swift; sourceTree = "<group>"; };
		2C45F1E21FE813CC0072F7EC /* Info.plist */ = {isa = PBXFileReference; lastKnownFileType = text.plist.xml; path = Info.plist; sourceTree = "<group>"; };
		2C45F1EE1FE81F0A0072F7EC /* TableViewCell.swift */ = {isa = PBXFileReference; lastKnownFileType = sourcecode.swift; path = TableViewCell.swift; sourceTree = "<group>"; };
		7C22069D1FE946E90015879C /* VideoManager.swift */ = {isa = PBXFileReference; lastKnownFileType = sourcecode.swift; path = VideoManager.swift; sourceTree = "<group>"; };
		7C22069F1FE948900015879C /* Default-568h@2x.png */ = {isa = PBXFileReference; lastKnownFileType = image.png; path = "Default-568h@2x.png"; sourceTree = "<group>"; };
/* End PBXFileReference section */

/* Begin PBXFrameworksBuildPhase section */
		2C45F1B71FE813CB0072F7EC /* Frameworks */ = {
			isa = PBXFrameworksBuildPhase;
			buildActionMask = 2147483647;
			files = (
			);
			runOnlyForDeploymentPostprocessing = 0;
		};
		2C45F1CE1FE813CC0072F7EC /* Frameworks */ = {
			isa = PBXFrameworksBuildPhase;
			buildActionMask = 2147483647;
			files = (
			);
			runOnlyForDeploymentPostprocessing = 0;
		};
		2C45F1D91FE813CC0072F7EC /* Frameworks */ = {
			isa = PBXFrameworksBuildPhase;
			buildActionMask = 2147483647;
			files = (
			);
			runOnlyForDeploymentPostprocessing = 0;
		};
/* End PBXFrameworksBuildPhase section */

/* Begin PBXGroup section */
		2C45F1B11FE813CB0072F7EC = {
			isa = PBXGroup;
			children = (
				7C22069F1FE948900015879C /* Default-568h@2x.png */,
				2C45F1BC1FE813CB0072F7EC /* VideoMaker */,
				2C45F1D41FE813CC0072F7EC /* VideoMakerTests */,
				2C45F1DF1FE813CC0072F7EC /* VideoMakerUITests */,
				2C45F1BB1FE813CB0072F7EC /* Products */,
			);
			sourceTree = "<group>";
		};
		2C45F1BB1FE813CB0072F7EC /* Products */ = {
			isa = PBXGroup;
			children = (
				2C45F1BA1FE813CB0072F7EC /* VideoMaker.app */,
				2C45F1D11FE813CC0072F7EC /* VideoMakerTests.xctest */,
				2C45F1DC1FE813CC0072F7EC /* VideoMakerUITests.xctest */,
			);
			name = Products;
			sourceTree = "<group>";
		};
		2C45F1BC1FE813CB0072F7EC /* VideoMaker */ = {
			isa = PBXGroup;
			children = (
				7C2206981FE946100015879C /* AppDelegate */,
				7C2206991FE946340015879C /* Model */,
				7C22069B1FE946440015879C /* Controller */,
				7C22069A1FE9463E0015879C /* View */,
				7C22069C1FE9465A0015879C /* Resources */,
			);
			path = VideoMaker;
			sourceTree = "<group>";
		};
		2C45F1D41FE813CC0072F7EC /* VideoMakerTests */ = {
			isa = PBXGroup;
			children = (
				2C45F1D51FE813CC0072F7EC /* VideoMakerTests.swift */,
				2C45F1D71FE813CC0072F7EC /* Info.plist */,
			);
			path = VideoMakerTests;
			sourceTree = "<group>";
		};
		2C45F1DF1FE813CC0072F7EC /* VideoMakerUITests */ = {
			isa = PBXGroup;
			children = (
				2C45F1E01FE813CC0072F7EC /* VideoMakerUITests.swift */,
				2C45F1E21FE813CC0072F7EC /* Info.plist */,
			);
			path = VideoMakerUITests;
			sourceTree = "<group>";
		};
		7C2206981FE946100015879C /* AppDelegate */ = {
			isa = PBXGroup;
			children = (
				2C45F1BD1FE813CB0072F7EC /* AppDelegate.swift */,
			);
			path = AppDelegate;
			sourceTree = "<group>";
		};
		7C2206991FE946340015879C /* Model */ = {
			isa = PBXGroup;
			children = (
				7C22069D1FE946E90015879C /* VideoManager.swift */,
			);
			path = Model;
			sourceTree = "<group>";
		};
		7C22069A1FE9463E0015879C /* View */ = {
			isa = PBXGroup;
			children = (
				2C45F1EE1FE81F0A0072F7EC /* TableViewCell.swift */,
				2C45F1C11FE813CB0072F7EC /* Main.storyboard */,
				2C45F1C91FE813CC0072F7EC /* LaunchScreen.storyboard */,
				2C45F1C71FE813CB0072F7EC /* Assets.xcassets */,
			);
			path = View;
			sourceTree = "<group>";
		};
		7C22069B1FE946440015879C /* Controller */ = {
			isa = PBXGroup;
			children = (
				2C45F1BF1FE813CB0072F7EC /* ViewController.swift */,
			);
			path = Controller;
			sourceTree = "<group>";
		};
		7C22069C1FE9465A0015879C /* Resources */ = {
			isa = PBXGroup;
			children = (
				2C45F1CC1FE813CC0072F7EC /* Info.plist */,
			);
			path = Resources;
			sourceTree = "<group>";
		};
/* End PBXGroup section */

/* Begin PBXNativeTarget section */
		2C45F1B91FE813CB0072F7EC /* VideoMaker */ = {
			isa = PBXNativeTarget;
			buildConfigurationList = 2C45F1E51FE813CC0072F7EC /* Build configuration list for PBXNativeTarget "VideoMaker" */;
			buildPhases = (
				2C45F1B61FE813CB0072F7EC /* Sources */,
				2C45F1B71FE813CB0072F7EC /* Frameworks */,
				2C45F1B81FE813CB0072F7EC /* Resources */,
			);
			buildRules = (
			);
			dependencies = (
			);
			name = VideoMaker;
			productName = VideoMaker;
			productReference = 2C45F1BA1FE813CB0072F7EC /* VideoMaker.app */;
			productType = "com.apple.product-type.application";
		};
		2C45F1D01FE813CC0072F7EC /* VideoMakerTests */ = {
			isa = PBXNativeTarget;
			buildConfigurationList = 2C45F1E81FE813CC0072F7EC /* Build configuration list for PBXNativeTarget "VideoMakerTests" */;
			buildPhases = (
				2C45F1CD1FE813CC0072F7EC /* Sources */,
				2C45F1CE1FE813CC0072F7EC /* Frameworks */,
				2C45F1CF1FE813CC0072F7EC /* Resources */,
			);
			buildRules = (
			);
			dependencies = (
				2C45F1D31FE813CC0072F7EC /* PBXTargetDependency */,
			);
			name = VideoMakerTests;
			productName = VideoMakerTests;
			productReference = 2C45F1D11FE813CC0072F7EC /* VideoMakerTests.xctest */;
			productType = "com.apple.product-type.bundle.unit-test";
		};
		2C45F1DB1FE813CC0072F7EC /* VideoMakerUITests */ = {
			isa = PBXNativeTarget;
			buildConfigurationList = 2C45F1EB1FE813CC0072F7EC /* Build configuration list for PBXNativeTarget "VideoMakerUITests" */;
			buildPhases = (
				2C45F1D81FE813CC0072F7EC /* Sources */,
				2C45F1D91FE813CC0072F7EC /* Frameworks */,
				2C45F1DA1FE813CC0072F7EC /* Resources */,
			);
			buildRules = (
			);
			dependencies = (
				2C45F1DE1FE813CC0072F7EC /* PBXTargetDependency */,
			);
			name = VideoMakerUITests;
			productName = VideoMakerUITests;
			productReference = 2C45F1DC1FE813CC0072F7EC /* VideoMakerUITests.xctest */;
			productType = "com.apple.product-type.bundle.ui-testing";
		};
/* End PBXNativeTarget section */

/* Begin PBXProject section */
		2C45F1B21FE813CB0072F7EC /* Project object */ = {
			isa = PBXProject;
			attributes = {
				LastSwiftUpdateCheck = 0920;
				LastUpgradeCheck = 0920;
				ORGANIZATIONNAME = "Иван Свиридов";
				TargetAttributes = {
					2C45F1B91FE813CB0072F7EC = {
						CreatedOnToolsVersion = 9.2;
						ProvisioningStyle = Automatic;
					};
					2C45F1D01FE813CC0072F7EC = {
						CreatedOnToolsVersion = 9.2;
						ProvisioningStyle = Automatic;
						TestTargetID = 2C45F1B91FE813CB0072F7EC;
					};
					2C45F1DB1FE813CC0072F7EC = {
						CreatedOnToolsVersion = 9.2;
						ProvisioningStyle = Automatic;
						TestTargetID = 2C45F1B91FE813CB0072F7EC;
					};
				};
			};
			buildConfigurationList = 2C45F1B51FE813CB0072F7EC /* Build configuration list for PBXProject "VideoMaker" */;
			compatibilityVersion = "Xcode 8.0";
			developmentRegion = en;
			hasScannedForEncodings = 0;
			knownRegions = (
				en,
				Base,
			);
			mainGroup = 2C45F1B11FE813CB0072F7EC;
			productRefGroup = 2C45F1BB1FE813CB0072F7EC /* Products */;
			projectDirPath = "";
			projectRoot = "";
			targets = (
				2C45F1B91FE813CB0072F7EC /* VideoMaker */,
				2C45F1D01FE813CC0072F7EC /* VideoMakerTests */,
				2C45F1DB1FE813CC0072F7EC /* VideoMakerUITests */,
			);
		};
/* End PBXProject section */

/* Begin PBXResourcesBuildPhase section */
		2C45F1B81FE813CB0072F7EC /* Resources */ = {
			isa = PBXResourcesBuildPhase;
			buildActionMask = 2147483647;
			files = (
				2C45F1CB1FE813CC0072F7EC /* LaunchScreen.storyboard in Resources */,
				7C2206A01FE948900015879C /* Default-568h@2x.png in Resources */,
				2C45F1C81FE813CC0072F7EC /* Assets.xcassets in Resources */,
				2C45F1C31FE813CB0072F7EC /* Main.storyboard in Resources */,
			);
			runOnlyForDeploymentPostprocessing = 0;
		};
		2C45F1CF1FE813CC0072F7EC /* Resources */ = {
			isa = PBXResourcesBuildPhase;
			buildActionMask = 2147483647;
			files = (
			);
			runOnlyForDeploymentPostprocessing = 0;
		};
		2C45F1DA1FE813CC0072F7EC /* Resources */ = {
			isa = PBXResourcesBuildPhase;
			buildActionMask = 2147483647;
			files = (
			);
			runOnlyForDeploymentPostprocessing = 0;
		};
/* End PBXResourcesBuildPhase section */

/* Begin PBXSourcesBuildPhase section */
		2C45F1B61FE813CB0072F7EC /* Sources */ = {
			isa = PBXSourcesBuildPhase;
			buildActionMask = 2147483647;
			files = (
				2C45F1EF1FE81F0A0072F7EC /* TableViewCell.swift in Sources */,
				2C45F1C01FE813CB0072F7EC /* ViewController.swift in Sources */,
				2C45F1BE1FE813CB0072F7EC /* AppDelegate.swift in Sources */,
				7C22069E1FE946E90015879C /* VideoManager.swift in Sources */,
			);
			runOnlyForDeploymentPostprocessing = 0;
		};
		2C45F1CD1FE813CC0072F7EC /* Sources */ = {
			isa = PBXSourcesBuildPhase;
			buildActionMask = 2147483647;
			files = (
				2C45F1D61FE813CC0072F7EC /* VideoMakerTests.swift in Sources */,
			);
			runOnlyForDeploymentPostprocessing = 0;
		};
		2C45F1D81FE813CC0072F7EC /* Sources */ = {
			isa = PBXSourcesBuildPhase;
			buildActionMask = 2147483647;
			files = (
				2C45F1E11FE813CC0072F7EC /* VideoMakerUITests.swift in Sources */,
			);
			runOnlyForDeploymentPostprocessing = 0;
		};
/* End PBXSourcesBuildPhase section */

/* Begin PBXTargetDependency section */
		2C45F1D31FE813CC0072F7EC /* PBXTargetDependency */ = {
			isa = PBXTargetDependency;
			target = 2C45F1B91FE813CB0072F7EC /* VideoMaker */;
			targetProxy = 2C45F1D21FE813CC0072F7EC /* PBXContainerItemProxy */;
		};
		2C45F1DE1FE813CC0072F7EC /* PBXTargetDependency */ = {
			isa = PBXTargetDependency;
			target = 2C45F1B91FE813CB0072F7EC /* VideoMaker */;
			targetProxy = 2C45F1DD1FE813CC0072F7EC /* PBXContainerItemProxy */;
		};
/* End PBXTargetDependency section */

/* Begin PBXVariantGroup section */
		2C45F1C11FE813CB0072F7EC /* Main.storyboard */ = {
			isa = PBXVariantGroup;
			children = (
				2C45F1C21FE813CB0072F7EC /* Base */,
			);
			name = Main.storyboard;
			sourceTree = "<group>";
		};
		2C45F1C91FE813CC0072F7EC /* LaunchScreen.storyboard */ = {
			isa = PBXVariantGroup;
			children = (
				2C45F1CA1FE813CC0072F7EC /* Base */,
			);
			name = LaunchScreen.storyboard;
			sourceTree = "<group>";
		};
/* End PBXVariantGroup section */

/* Begin XCBuildConfiguration section */
		2C45F1E31FE813CC0072F7EC /* Debug */ = {
			isa = XCBuildConfiguration;
			buildSettings = {
				ALWAYS_SEARCH_USER_PATHS = NO;
				CLANG_ANALYZER_NONNULL = YES;
				CLANG_ANALYZER_NUMBER_OBJECT_CONVERSION = YES_AGGRESSIVE;
				CLANG_CXX_LANGUAGE_STANDARD = "gnu++14";
				CLANG_CXX_LIBRARY = "libc++";
				CLANG_ENABLE_MODULES = YES;
				CLANG_ENABLE_OBJC_ARC = YES;
				CLANG_WARN_BLOCK_CAPTURE_AUTORELEASING = YES;
				CLANG_WARN_BOOL_CONVERSION = YES;
				CLANG_WARN_COMMA = YES;
				CLANG_WARN_CONSTANT_CONVERSION = YES;
				CLANG_WARN_DIRECT_OBJC_ISA_USAGE = YES_ERROR;
				CLANG_WARN_DOCUMENTATION_COMMENTS = YES;
				CLANG_WARN_EMPTY_BODY = YES;
				CLANG_WARN_ENUM_CONVERSION = YES;
				CLANG_WARN_INFINITE_RECURSION = YES;
				CLANG_WARN_INT_CONVERSION = YES;
				CLANG_WARN_NON_LITERAL_NULL_CONVERSION = YES;
				CLANG_WARN_OBJC_LITERAL_CONVERSION = YES;
				CLANG_WARN_OBJC_ROOT_CLASS = YES_ERROR;
				CLANG_WARN_RANGE_LOOP_ANALYSIS = YES;
				CLANG_WARN_STRICT_PROTOTYPES = YES;
				CLANG_WARN_SUSPICIOUS_MOVE = YES;
				CLANG_WARN_UNGUARDED_AVAILABILITY = YES_AGGRESSIVE;
				CLANG_WARN_UNREACHABLE_CODE = YES;
				CLANG_WARN__DUPLICATE_METHOD_MATCH = YES;
				CODE_SIGN_IDENTITY = "iPhone Developer";
				COPY_PHASE_STRIP = NO;
				DEBUG_INFORMATION_FORMAT = dwarf;
				ENABLE_STRICT_OBJC_MSGSEND = YES;
				ENABLE_TESTABILITY = YES;
				GCC_C_LANGUAGE_STANDARD = gnu11;
				GCC_DYNAMIC_NO_PIC = NO;
				GCC_NO_COMMON_BLOCKS = YES;
				GCC_OPTIMIZATION_LEVEL = 0;
				GCC_PREPROCESSOR_DEFINITIONS = (
					"DEBUG=1",
					"$(inherited)",
				);
				GCC_WARN_64_TO_32_BIT_CONVERSION = YES;
				GCC_WARN_ABOUT_RETURN_TYPE = YES_ERROR;
				GCC_WARN_UNDECLARED_SELECTOR = YES;
				GCC_WARN_UNINITIALIZED_AUTOS = YES_AGGRESSIVE;
				GCC_WARN_UNUSED_FUNCTION = YES;
				GCC_WARN_UNUSED_VARIABLE = YES;
				IPHONEOS_DEPLOYMENT_TARGET = 11.2;
				MTL_ENABLE_DEBUG_INFO = YES;
				ONLY_ACTIVE_ARCH = YES;
				SDKROOT = iphoneos;
				SWIFT_ACTIVE_COMPILATION_CONDITIONS = DEBUG;
				SWIFT_OPTIMIZATION_LEVEL = "-Onone";
			};
			name = Debug;
		};
		2C45F1E41FE813CC0072F7EC /* Release */ = {
			isa = XCBuildConfiguration;
			buildSettings = {
				ALWAYS_SEARCH_USER_PATHS = NO;
				CLANG_ANALYZER_NONNULL = YES;
				CLANG_ANALYZER_NUMBER_OBJECT_CONVERSION = YES_AGGRESSIVE;
				CLANG_CXX_LANGUAGE_STANDARD = "gnu++14";
				CLANG_CXX_LIBRARY = "libc++";
				CLANG_ENABLE_MODULES = YES;
				CLANG_ENABLE_OBJC_ARC = YES;
				CLANG_WARN_BLOCK_CAPTURE_AUTORELEASING = YES;
				CLANG_WARN_BOOL_CONVERSION = YES;
				CLANG_WARN_COMMA = YES;
				CLANG_WARN_CONSTANT_CONVERSION = YES;
				CLANG_WARN_DIRECT_OBJC_ISA_USAGE = YES_ERROR;
				CLANG_WARN_DOCUMENTATION_COMMENTS = YES;
				CLANG_WARN_EMPTY_BODY = YES;
				CLANG_WARN_ENUM_CONVERSION = YES;
				CLANG_WARN_INFINITE_RECURSION = YES;
				CLANG_WARN_INT_CONVERSION = YES;
				CLANG_WARN_NON_LITERAL_NULL_CONVERSION = YES;
				CLANG_WARN_OBJC_LITERAL_CONVERSION = YES;
				CLANG_WARN_OBJC_ROOT_CLASS = YES_ERROR;
				CLANG_WARN_RANGE_LOOP_ANALYSIS = YES;
				CLANG_WARN_STRICT_PROTOTYPES = YES;
				CLANG_WARN_SUSPICIOUS_MOVE = YES;
				CLANG_WARN_UNGUARDED_AVAILABILITY = YES_AGGRESSIVE;
				CLANG_WARN_UNREACHABLE_CODE = YES;
				CLANG_WARN__DUPLICATE_METHOD_MATCH = YES;
				CODE_SIGN_IDENTITY = "iPhone Developer";
				COPY_PHASE_STRIP = NO;
				DEBUG_INFORMATION_FORMAT = "dwarf-with-dsym";
				ENABLE_NS_ASSERTIONS = NO;
				ENABLE_STRICT_OBJC_MSGSEND = YES;
				GCC_C_LANGUAGE_STANDARD = gnu11;
				GCC_NO_COMMON_BLOCKS = YES;
				GCC_WARN_64_TO_32_BIT_CONVERSION = YES;
				GCC_WARN_ABOUT_RETURN_TYPE = YES_ERROR;
				GCC_WARN_UNDECLARED_SELECTOR = YES;
				GCC_WARN_UNINITIALIZED_AUTOS = YES_AGGRESSIVE;
				GCC_WARN_UNUSED_FUNCTION = YES;
				GCC_WARN_UNUSED_VARIABLE = YES;
				IPHONEOS_DEPLOYMENT_TARGET = 11.2;
				MTL_ENABLE_DEBUG_INFO = NO;
				SDKROOT = iphoneos;
				SWIFT_OPTIMIZATION_LEVEL = "-Owholemodule";
				VALIDATE_PRODUCT = YES;
			};
			name = Release;
		};
		2C45F1E61FE813CC0072F7EC /* Debug */ = {
			isa = XCBuildConfiguration;
			buildSettings = {
				ASSETCATALOG_COMPILER_APPICON_NAME = AppIcon;
				CODE_SIGN_STYLE = Automatic;
				DEVELOPMENT_TEAM = 39F8JVBPSH;
				INFOPLIST_FILE = VideoMaker/Info.plist;
				IPHONEOS_DEPLOYMENT_TARGET = 11.1;
				LD_RUNPATH_SEARCH_PATHS = "$(inherited) @executable_path/Frameworks";
				PRODUCT_BUNDLE_IDENTIFIER = com.org.VideoEditing;
				PRODUCT_NAME = "$(TARGET_NAME)";
				SWIFT_VERSION = 4.0;
				TARGETED_DEVICE_FAMILY = "1,2";
			};
			name = Debug;
		};
		2C45F1E71FE813CC0072F7EC /* Release */ = {
			isa = XCBuildConfiguration;
			buildSettings = {
				ASSETCATALOG_COMPILER_APPICON_NAME = AppIcon;
				CODE_SIGN_STYLE = Automatic;
				DEVELOPMENT_TEAM = 39F8JVBPSH;
				INFOPLIST_FILE = VideoMaker/Info.plist;
				IPHONEOS_DEPLOYMENT_TARGET = 11.1;
				LD_RUNPATH_SEARCH_PATHS = "$(inherited) @executable_path/Frameworks";
				PRODUCT_BUNDLE_IDENTIFIER = com.org.VideoEditing;
				PRODUCT_NAME = "$(TARGET_NAME)";
				SWIFT_VERSION = 4.0;
				TARGETED_DEVICE_FAMILY = "1,2";
			};
			name = Release;
		};
		2C45F1E91FE813CC0072F7EC /* Debug */ = {
			isa = XCBuildConfiguration;
			buildSettings = {
				ALWAYS_EMBED_SWIFT_STANDARD_LIBRARIES = YES;
				BUNDLE_LOADER = "$(TEST_HOST)";
				CODE_SIGN_STYLE = Automatic;
				INFOPLIST_FILE = VideoMakerTests/Info.plist;
				LD_RUNPATH_SEARCH_PATHS = "$(inherited) @executable_path/Frameworks @loader_path/Frameworks";
				PRODUCT_BUNDLE_IDENTIFIER = com.sid775.VideoMakerTests;
				PRODUCT_NAME = "$(TARGET_NAME)";
				SWIFT_VERSION = 4.0;
				TARGETED_DEVICE_FAMILY = "1,2";
				TEST_HOST = "$(BUILT_PRODUCTS_DIR)/VideoMaker.app/VideoMaker";
			};
			name = Debug;
		};
		2C45F1EA1FE813CC0072F7EC /* Release */ = {
			isa = XCBuildConfiguration;
			buildSettings = {
				ALWAYS_EMBED_SWIFT_STANDARD_LIBRARIES = YES;
				BUNDLE_LOADER = "$(TEST_HOST)";
				CODE_SIGN_STYLE = Automatic;
				INFOPLIST_FILE = VideoMakerTests/Info.plist;
				LD_RUNPATH_SEARCH_PATHS = "$(inherited) @executable_path/Frameworks @loader_path/Frameworks";
				PRODUCT_BUNDLE_IDENTIFIER = com.sid775.VideoMakerTests;
				PRODUCT_NAME = "$(TARGET_NAME)";
				SWIFT_VERSION = 4.0;
				TARGETED_DEVICE_FAMILY = "1,2";
				TEST_HOST = "$(BUILT_PRODUCTS_DIR)/VideoMaker.app/VideoMaker";
			};
			name = Release;
		};
		2C45F1EC1FE813CC0072F7EC /* Debug */ = {
			isa = XCBuildConfiguration;
			buildSettings = {
				ALWAYS_EMBED_SWIFT_STANDARD_LIBRARIES = YES;
				CODE_SIGN_STYLE = Automatic;
				INFOPLIST_FILE = VideoMakerUITests/Info.plist;
				LD_RUNPATH_SEARCH_PATHS = "$(inherited) @executable_path/Frameworks @loader_path/Frameworks";
				PRODUCT_BUNDLE_IDENTIFIER = com.sid775.VideoMakerUITests;
				PRODUCT_NAME = "$(TARGET_NAME)";
				SWIFT_VERSION = 4.0;
				TARGETED_DEVICE_FAMILY = "1,2";
				TEST_TARGET_NAME = VideoMaker;
			};
			name = Debug;
		};
		2C45F1ED1FE813CC0072F7EC /* Release */ = {
			isa = XCBuildConfiguration;
			buildSettings = {
				ALWAYS_EMBED_SWIFT_STANDARD_LIBRARIES = YES;
				CODE_SIGN_STYLE = Automatic;
				INFOPLIST_FILE = VideoMakerUITests/Info.plist;
				LD_RUNPATH_SEARCH_PATHS = "$(inherited) @executable_path/Frameworks @loader_path/Frameworks";
				PRODUCT_BUNDLE_IDENTIFIER = com.sid775.VideoMakerUITests;
				PRODUCT_NAME = "$(TARGET_NAME)";
				SWIFT_VERSION = 4.0;
				TARGETED_DEVICE_FAMILY = "1,2";
				TEST_TARGET_NAME = VideoMaker;
			};
			name = Release;
		};
/* End XCBuildConfiguration section */

/* Begin XCConfigurationList section */
		2C45F1B51FE813CB0072F7EC /* Build configuration list for PBXProject "VideoMaker" */ = {
			isa = XCConfigurationList;
			buildConfigurations = (
				2C45F1E31FE813CC0072F7EC /* Debug */,
				2C45F1E41FE813CC0072F7EC /* Release */,
			);
			defaultConfigurationIsVisible = 0;
			defaultConfigurationName = Release;
		};
		2C45F1E51FE813CC0072F7EC /* Build configuration list for PBXNativeTarget "VideoMaker" */ = {
			isa = XCConfigurationList;
			buildConfigurations = (
				2C45F1E61FE813CC0072F7EC /* Debug */,
				2C45F1E71FE813CC0072F7EC /* Release */,
			);
			defaultConfigurationIsVisible = 0;
			defaultConfigurationName = Release;
		};
		2C45F1E81FE813CC0072F7EC /* Build configuration list for PBXNativeTarget "VideoMakerTests" */ = {
			isa = XCConfigurationList;
			buildConfigurations = (
				2C45F1E91FE813CC0072F7EC /* Debug */,
				2C45F1EA1FE813CC0072F7EC /* Release */,
			);
			defaultConfigurationIsVisible = 0;
			defaultConfigurationName = Release;
		};
		2C45F1EB1FE813CC0072F7EC /* Build configuration list for PBXNativeTarget "VideoMakerUITests" */ = {
			isa = XCConfigurationList;
			buildConfigurations = (
				2C45F1EC1FE813CC0072F7EC /* Debug */,
				2C45F1ED1FE813CC0072F7EC /* Release */,
			);
			defaultConfigurationIsVisible = 0;
			defaultConfigurationName = Release;
		};
/* End XCConfigurationList section */
	};
	rootObject = 2C45F1B21FE813CB0072F7EC /* Project object */;
}
